// !$*UTF8*$!
{
	archiveVersion = 1;
	classes = {
	};
	objectVersion = 55;
	objects = {

/* Begin PBXBuildFile section */
		94610E0A27DDFFD500D3E1F3 /* SUItutorialApp.swift in Sources */ = {isa = PBXBuildFile; fileRef = 94610E0927DDFFD500D3E1F3 /* SUItutorialApp.swift */; };
		94610E0C27DDFFD500D3E1F3 /* ContentView.swift in Sources */ = {isa = PBXBuildFile; fileRef = 94610E0B27DDFFD500D3E1F3 /* ContentView.swift */; };
		94610E0E27DDFFDA00D3E1F3 /* Assets.xcassets in Resources */ = {isa = PBXBuildFile; fileRef = 94610E0D27DDFFDA00D3E1F3 /* Assets.xcassets */; };
		94610E1127DDFFDA00D3E1F3 /* Preview Assets.xcassets in Resources */ = {isa = PBXBuildFile; fileRef = 94610E1027DDFFDA00D3E1F3 /* Preview Assets.xcassets */; };
		94610E1827DE030200D3E1F3 /* SwiftUIView.swift in Sources */ = {isa = PBXBuildFile; fileRef = 94610E1727DE030200D3E1F3 /* SwiftUIView.swift */; };
		94610E1A27DE040900D3E1F3 /* MapView.swift in Sources */ = {isa = PBXBuildFile; fileRef = 94610E1927DE040900D3E1F3 /* MapView.swift */; };
		947C835F27DF1287000BA36F /* landmarkData.json in Resources */ = {isa = PBXBuildFile; fileRef = 947C835E27DF1287000BA36F /* landmarkData.json */; };
		947C836127DF12E8000BA36F /* Landmark.swift in Sources */ = {isa = PBXBuildFile; fileRef = 947C836027DF12E8000BA36F /* Landmark.swift */; };
		947C836327DF1639000BA36F /* ModelData.swift in Sources */ = {isa = PBXBuildFile; fileRef = 947C836227DF1639000BA36F /* ModelData.swift */; };
		947C836827DF1992000BA36F /* LandmarkRow.swift in Sources */ = {isa = PBXBuildFile; fileRef = 947C836727DF1992000BA36F /* LandmarkRow.swift */; };
		947C836A27DF2555000BA36F /* LandmarkList.swift in Sources */ = {isa = PBXBuildFile; fileRef = 947C836927DF2555000BA36F /* LandmarkList.swift */; };
		947C836C27DF50AE000BA36F /* LandmarkDetail.swift in Sources */ = {isa = PBXBuildFile; fileRef = 947C836B27DF50AE000BA36F /* LandmarkDetail.swift */; };
/* End PBXBuildFile section */

/* Begin PBXFileReference section */
		94610E0627DDFFD500D3E1F3 /* SUItutorial.app */ = {isa = PBXFileReference; explicitFileType = wrapper.application; includeInIndex = 0; path = SUItutorial.app; sourceTree = BUILT_PRODUCTS_DIR; };
		94610E0927DDFFD500D3E1F3 /* SUItutorialApp.swift */ = {isa = PBXFileReference; lastKnownFileType = sourcecode.swift; path = SUItutorialApp.swift; sourceTree = "<group>"; };
		94610E0B27DDFFD500D3E1F3 /* ContentView.swift */ = {isa = PBXFileReference; lastKnownFileType = sourcecode.swift; path = ContentView.swift; sourceTree = "<group>"; };
		94610E0D27DDFFDA00D3E1F3 /* Assets.xcassets */ = {isa = PBXFileReference; lastKnownFileType = folder.assetcatalog; path = Assets.xcassets; sourceTree = "<group>"; };
		94610E1027DDFFDA00D3E1F3 /* Preview Assets.xcassets */ = {isa = PBXFileReference; lastKnownFileType = folder.assetcatalog; path = "Preview Assets.xcassets"; sourceTree = "<group>"; };
		94610E1727DE030200D3E1F3 /* SwiftUIView.swift */ = {isa = PBXFileReference; lastKnownFileType = sourcecode.swift; path = SwiftUIView.swift; sourceTree = "<group>"; };
		94610E1927DE040900D3E1F3 /* MapView.swift */ = {isa = PBXFileReference; lastKnownFileType = sourcecode.swift; path = MapView.swift; sourceTree = "<group>"; };
		947C835E27DF1287000BA36F /* landmarkData.json */ = {isa = PBXFileReference; fileEncoding = 4; lastKnownFileType = text.json; path = landmarkData.json; sourceTree = "<group>"; };
		947C836027DF12E8000BA36F /* Landmark.swift */ = {isa = PBXFileReference; lastKnownFileType = sourcecode.swift; path = Landmark.swift; sourceTree = "<group>"; };
		947C836227DF1639000BA36F /* ModelData.swift */ = {isa = PBXFileReference; lastKnownFileType = sourcecode.swift; path = ModelData.swift; sourceTree = "<group>"; };
		947C836727DF1992000BA36F /* LandmarkRow.swift */ = {isa = PBXFileReference; lastKnownFileType = sourcecode.swift; path = LandmarkRow.swift; sourceTree = "<group>"; };
		947C836927DF2555000BA36F /* LandmarkList.swift */ = {isa = PBXFileReference; lastKnownFileType = sourcecode.swift; path = LandmarkList.swift; sourceTree = "<group>"; };
		947C836B27DF50AE000BA36F /* LandmarkDetail.swift */ = {isa = PBXFileReference; lastKnownFileType = sourcecode.swift; path = LandmarkDetail.swift; sourceTree = "<group>"; };
/* End PBXFileReference section */

/* Begin PBXFrameworksBuildPhase section */
		94610E0327DDFFD500D3E1F3 /* Frameworks */ = {
			isa = PBXFrameworksBuildPhase;
			buildActionMask = 2147483647;
			files = (
			);
			runOnlyForDeploymentPostprocessing = 0;
		};
/* End PBXFrameworksBuildPhase section */

/* Begin PBXGroup section */
		94610DFD27DDFFD500D3E1F3 = {
			isa = PBXGroup;
			children = (
				94610E0827DDFFD500D3E1F3 /* SUItutorial */,
				94610E0727DDFFD500D3E1F3 /* Products */,
			);
			sourceTree = "<group>";
		};
		94610E0727DDFFD500D3E1F3 /* Products */ = {
			isa = PBXGroup;
			children = (
				94610E0627DDFFD500D3E1F3 /* SUItutorial.app */,
			);
			name = Products;
			sourceTree = "<group>";
		};
		94610E0827DDFFD500D3E1F3 /* SUItutorial */ = {
			isa = PBXGroup;
			children = (
				94610E0927DDFFD500D3E1F3 /* SUItutorialApp.swift */,
				947C836427DF1853000BA36F /* Views */,
				94610E0D27DDFFDA00D3E1F3 /* Assets.xcassets */,
				94610E0F27DDFFDA00D3E1F3 /* Preview Content */,
				947C836627DF1886000BA36F /* Resources */,
				947C836527DF187B000BA36F /* Model */,
			);
			path = SUItutorial;
			sourceTree = "<group>";
		};
		94610E0F27DDFFDA00D3E1F3 /* Preview Content */ = {
			isa = PBXGroup;
			children = (
				94610E1027DDFFDA00D3E1F3 /* Preview Assets.xcassets */,
			);
			path = "Preview Content";
			sourceTree = "<group>";
		};
		947C836427DF1853000BA36F /* Views */ = {
			isa = PBXGroup;
			children = (
				94610E1727DE030200D3E1F3 /* SwiftUIView.swift */,
				94610E1927DE040900D3E1F3 /* MapView.swift */,
				94610E0B27DDFFD500D3E1F3 /* ContentView.swift */,
				947C836727DF1992000BA36F /* LandmarkRow.swift */,
				947C836927DF2555000BA36F /* LandmarkList.swift */,
				947C836B27DF50AE000BA36F /* LandmarkDetail.swift */,
			);
			path = Views;
			sourceTree = "<group>";
		};
		947C836527DF187B000BA36F /* Model */ = {
			isa = PBXGroup;
			children = (
				947C836227DF1639000BA36F /* ModelData.swift */,
				947C836027DF12E8000BA36F /* Landmark.swift */,
			);
			path = Model;
			sourceTree = "<group>";
		};
		947C836627DF1886000BA36F /* Resources */ = {
			isa = PBXGroup;
			children = (
				947C835E27DF1287000BA36F /* landmarkData.json */,
			);
			path = Resources;
			sourceTree = "<group>";
		};
/* End PBXGroup section */

/* Begin PBXNativeTarget section */
		94610E0527DDFFD500D3E1F3 /* SUItutorial */ = {
			isa = PBXNativeTarget;
			buildConfigurationList = 94610E1427DDFFDA00D3E1F3 /* Build configuration list for PBXNativeTarget "SUItutorial" */;
			buildPhases = (
				94610E0227DDFFD500D3E1F3 /* Sources */,
				94610E0327DDFFD500D3E1F3 /* Frameworks */,
				94610E0427DDFFD500D3E1F3 /* Resources */,
			);
			buildRules = (
			);
			dependencies = (
			);
			name = SUItutorial;
			productName = SUItutorial;
			productReference = 94610E0627DDFFD500D3E1F3 /* SUItutorial.app */;
			productType = "com.apple.product-type.application";
		};
/* End PBXNativeTarget section */

/* Begin PBXProject section */
		94610DFE27DDFFD500D3E1F3 /* Project object */ = {
			isa = PBXProject;
			attributes = {
				BuildIndependentTargetsInParallel = 1;
				LastSwiftUpdateCheck = 1320;
				LastUpgradeCheck = 1320;
				TargetAttributes = {
					94610E0527DDFFD500D3E1F3 = {
						CreatedOnToolsVersion = 13.2.1;
					};
				};
			};
			buildConfigurationList = 94610E0127DDFFD500D3E1F3 /* Build configuration list for PBXProject "SUItutorial" */;
			compatibilityVersion = "Xcode 13.0";
			developmentRegion = en;
			hasScannedForEncodings = 0;
			knownRegions = (
				en,
				Base,
			);
			mainGroup = 94610DFD27DDFFD500D3E1F3;
			productRefGroup = 94610E0727DDFFD500D3E1F3 /* Products */;
			projectDirPath = "";
			projectRoot = "";
			targets = (
				94610E0527DDFFD500D3E1F3 /* SUItutorial */,
			);
		};
/* End PBXProject section */

/* Begin PBXResourcesBuildPhase section */
		94610E0427DDFFD500D3E1F3 /* Resources */ = {
			isa = PBXResourcesBuildPhase;
			buildActionMask = 2147483647;
			files = (
				94610E1127DDFFDA00D3E1F3 /* Preview Assets.xcassets in Resources */,
				94610E0E27DDFFDA00D3E1F3 /* Assets.xcassets in Resources */,
				947C835F27DF1287000BA36F /* landmarkData.json in Resources */,
			);
			runOnlyForDeploymentPostprocessing = 0;
		};
/* End PBXResourcesBuildPhase section */

/* Begin PBXSourcesBuildPhase section */
		94610E0227DDFFD500D3E1F3 /* Sources */ = {
			isa = PBXSourcesBuildPhase;
			buildActionMask = 2147483647;
			files = (
				94610E0C27DDFFD500D3E1F3 /* ContentView.swift in Sources */,
				94610E1A27DE040900D3E1F3 /* MapView.swift in Sources */,
				94610E0A27DDFFD500D3E1F3 /* SUItutorialApp.swift in Sources */,
				947C836A27DF2555000BA36F /* LandmarkList.swift in Sources */,
				947C836C27DF50AE000BA36F /* LandmarkDetail.swift in Sources */,
				94610E1827DE030200D3E1F3 /* SwiftUIView.swift in Sources */,
				947C836127DF12E8000BA36F /* Landmark.swift in Sources */,
				947C836827DF1992000BA36F /* LandmarkRow.swift in Sources */,
				947C836327DF1639000BA36F /* ModelData.swift in Sources */,
			);
			runOnlyForDeploymentPostprocessing = 0;
		};
/* End PBXSourcesBuildPhase section */

/* Begin XCBuildConfiguration section */
		94610E1227DDFFDA00D3E1F3 /* Debug */ = {
			isa = XCBuildConfiguration;
			buildSettings = {
				ALWAYS_SEARCH_USER_PATHS = NO;
				CLANG_ANALYZER_NONNULL = YES;
				CLANG_ANALYZER_NUMBER_OBJECT_CONVERSION = YES_AGGRESSIVE;
				CLANG_CXX_LANGUAGE_STANDARD = "gnu++17";
				CLANG_CXX_LIBRARY = "libc++";
				CLANG_ENABLE_MODULES = YES;
				CLANG_ENABLE_OBJC_ARC = YES;
				CLANG_ENABLE_OBJC_WEAK = YES;
				CLANG_WARN_BLOCK_CAPTURE_AUTORELEASING = YES;
				CLANG_WARN_BOOL_CONVERSION = YES;
				CLANG_WARN_COMMA = YES;
				CLANG_WARN_CONSTANT_CONVERSION = YES;
				CLANG_WARN_DEPRECATED_OBJC_IMPLEMENTATIONS = YES;
				CLANG_WARN_DIRECT_OBJC_ISA_USAGE = YES_ERROR;
				CLANG_WARN_DOCUMENTATION_COMMENTS = YES;
				CLANG_WARN_EMPTY_BODY = YES;
				CLANG_WARN_ENUM_CONVERSION = YES;
				CLANG_WARN_INFINITE_RECURSION = YES;
				CLANG_WARN_INT_CONVERSION = YES;
				CLANG_WARN_NON_LITERAL_NULL_CONVERSION = YES;
				CLANG_WARN_OBJC_IMPLICIT_RETAIN_SELF = YES;
				CLANG_WARN_OBJC_LITERAL_CONVERSION = YES;
				CLANG_WARN_OBJC_ROOT_CLASS = YES_ERROR;
				CLANG_WARN_QUOTED_INCLUDE_IN_FRAMEWORK_HEADER = YES;
				CLANG_WARN_RANGE_LOOP_ANALYSIS = YES;
				CLANG_WARN_STRICT_PROTOTYPES = YES;
				CLANG_WARN_SUSPICIOUS_MOVE = YES;
				CLANG_WARN_UNGUARDED_AVAILABILITY = YES_AGGRESSIVE;
				CLANG_WARN_UNREACHABLE_CODE = YES;
				CLANG_WARN__DUPLICATE_METHOD_MATCH = YES;
				COPY_PHASE_STRIP = NO;
				DEBUG_INFORMATION_FORMAT = dwarf;
				ENABLE_STRICT_OBJC_MSGSEND = YES;
				ENABLE_TESTABILITY = YES;
				GCC_C_LANGUAGE_STANDARD = gnu11;
				GCC_DYNAMIC_NO_PIC = NO;
				GCC_NO_COMMON_BLOCKS = YES;
				GCC_OPTIMIZATION_LEVEL = 0;
				GCC_PREPROCESSOR_DEFINITIONS = (
					"DEBUG=1",
					"$(inherited)",
				);
				GCC_WARN_64_TO_32_BIT_CONVERSION = YES;
				GCC_WARN_ABOUT_RETURN_TYPE = YES_ERROR;
				GCC_WARN_UNDECLARED_SELECTOR = YES;
				GCC_WARN_UNINITIALIZED_AUTOS = YES_AGGRESSIVE;
				GCC_WARN_UNUSED_FUNCTION = YES;
				GCC_WARN_UNUSED_VARIABLE = YES;
				IPHONEOS_DEPLOYMENT_TARGET = 15.2;
				MTL_ENABLE_DEBUG_INFO = INCLUDE_SOURCE;
				MTL_FAST_MATH = YES;
				ONLY_ACTIVE_ARCH = YES;
				SDKROOT = iphoneos;
				SWIFT_ACTIVE_COMPILATION_CONDITIONS = DEBUG;
				SWIFT_OPTIMIZATION_LEVEL = "-Onone";
			};
			name = Debug;
		};
		94610E1327DDFFDA00D3E1F3 /* Release */ = {
			isa = XCBuildConfiguration;
			buildSettings = {
				ALWAYS_SEARCH_USER_PATHS = NO;
				CLANG_ANALYZER_NONNULL = YES;
				CLANG_ANALYZER_NUMBER_OBJECT_CONVERSION = YES_AGGRESSIVE;
				CLANG_CXX_LANGUAGE_STANDARD = "gnu++17";
				CLANG_CXX_LIBRARY = "libc++";
				CLANG_ENABLE_MODULES = YES;
				CLANG_ENABLE_OBJC_ARC = YES;
				CLANG_ENABLE_OBJC_WEAK = YES;
				CLANG_WARN_BLOCK_CAPTURE_AUTORELEASING = YES;
				CLANG_WARN_BOOL_CONVERSION = YES;
				CLANG_WARN_COMMA = YES;
				CLANG_WARN_CONSTANT_CONVERSION = YES;
				CLANG_WARN_DEPRECATED_OBJC_IMPLEMENTATIONS = YES;
				CLANG_WARN_DIRECT_OBJC_ISA_USAGE = YES_ERROR;
				CLANG_WARN_DOCUMENTATION_COMMENTS = YES;
				CLANG_WARN_EMPTY_BODY = YES;
				CLANG_WARN_ENUM_CONVERSION = YES;
				CLANG_WARN_INFINITE_RECURSION = YES;
				CLANG_WARN_INT_CONVERSION = YES;
				CLANG_WARN_NON_LITERAL_NULL_CONVERSION = YES;
				CLANG_WARN_OBJC_IMPLICIT_RETAIN_SELF = YES;
				CLANG_WARN_OBJC_LITERAL_CONVERSION = YES;
				CLANG_WARN_OBJC_ROOT_CLASS = YES_ERROR;
				CLANG_WARN_QUOTED_INCLUDE_IN_FRAMEWORK_HEADER = YES;
				CLANG_WARN_RANGE_LOOP_ANALYSIS = YES;
				CLANG_WARN_STRICT_PROTOTYPES = YES;
				CLANG_WARN_SUSPICIOUS_MOVE = YES;
				CLANG_WARN_UNGUARDED_AVAILABILITY = YES_AGGRESSIVE;
				CLANG_WARN_UNREACHABLE_CODE = YES;
				CLANG_WARN__DUPLICATE_METHOD_MATCH = YES;
				COPY_PHASE_STRIP = NO;
				DEBUG_INFORMATION_FORMAT = "dwarf-with-dsym";
				ENABLE_NS_ASSERTIONS = NO;
				ENABLE_STRICT_OBJC_MSGSEND = YES;
				GCC_C_LANGUAGE_STANDARD = gnu11;
				GCC_NO_COMMON_BLOCKS = YES;
				GCC_WARN_64_TO_32_BIT_CONVERSION = YES;
				GCC_WARN_ABOUT_RETURN_TYPE = YES_ERROR;
				GCC_WARN_UNDECLARED_SELECTOR = YES;
				GCC_WARN_UNINITIALIZED_AUTOS = YES_AGGRESSIVE;
				GCC_WARN_UNUSED_FUNCTION = YES;
				GCC_WARN_UNUSED_VARIABLE = YES;
				IPHONEOS_DEPLOYMENT_TARGET = 15.2;
				MTL_ENABLE_DEBUG_INFO = NO;
				MTL_FAST_MATH = YES;
				SDKROOT = iphoneos;
				SWIFT_COMPILATION_MODE = wholemodule;
				SWIFT_OPTIMIZATION_LEVEL = "-O";
				VALIDATE_PRODUCT = YES;
			};
			name = Release;
		};
		94610E1527DDFFDA00D3E1F3 /* Debug */ = {
			isa = XCBuildConfiguration;
			buildSettings = {
				ASSETCATALOG_COMPILER_APPICON_NAME = AppIcon;
				ASSETCATALOG_COMPILER_GLOBAL_ACCENT_COLOR_NAME = AccentColor;
				CODE_SIGN_STYLE = Automatic;
				CURRENT_PROJECT_VERSION = 1;
				DEVELOPMENT_ASSET_PATHS = "\"SUItutorial/Preview Content\"";
				ENABLE_PREVIEWS = YES;
				GENERATE_INFOPLIST_FILE = YES;
				INFOPLIST_KEY_UIApplicationSceneManifest_Generation = YES;
				INFOPLIST_KEY_UIApplicationSupportsIndirectInputEvents = YES;
				INFOPLIST_KEY_UILaunchScreen_Generation = YES;
				INFOPLIST_KEY_UISupportedInterfaceOrientations_iPad = "UIInterfaceOrientationPortrait UIInterfaceOrientationPortraitUpsideDown UIInterfaceOrientationLandscapeLeft UIInterfaceOrientationLandscapeRight";
				INFOPLIST_KEY_UISupportedInterfaceOrientations_iPhone = "UIInterfaceOrientationPortrait UIInterfaceOrientationLandscapeLeft UIInterfaceOrientationLandscapeRight";
				LD_RUNPATH_SEARCH_PATHS = (
					"$(inherited)",
					"@executable_path/Frameworks",
				);
				MARKETING_VERSION = 1.0;
				PRODUCT_BUNDLE_IDENTIFIER = Dreamers.SUItutorial;
				PRODUCT_NAME = "$(TARGET_NAME)";
				SWIFT_EMIT_LOC_STRINGS = YES;
				SWIFT_VERSION = 5.0;
				TARGETED_DEVICE_FAMILY = "1,2";
			};
			name = Debug;
		};
		94610E1627DDFFDA00D3E1F3 /* Release */ = {
			isa = XCBuildConfiguration;
			buildSettings = {
				ASSETCATALOG_COMPILER_APPICON_NAME = AppIcon;
				ASSETCATALOG_COMPILER_GLOBAL_ACCENT_COLOR_NAME = AccentColor;
				CODE_SIGN_STYLE = Automatic;
				CURRENT_PROJECT_VERSION = 1;
				DEVELOPMENT_ASSET_PATHS = "\"SUItutorial/Preview Content\"";
				ENABLE_PREVIEWS = YES;
				GENERATE_INFOPLIST_FILE = YES;
				INFOPLIST_KEY_UIApplicationSceneManifest_Generation = YES;
				INFOPLIST_KEY_UIApplicationSupportsIndirectInputEvents = YES;
				INFOPLIST_KEY_UILaunchScreen_Generation = YES;
				INFOPLIST_KEY_UISupportedInterfaceOrientations_iPad = "UIInterfaceOrientationPortrait UIInterfaceOrientationPortraitUpsideDown UIInterfaceOrientationLandscapeLeft UIInterfaceOrientationLandscapeRight";
				INFOPLIST_KEY_UISupportedInterfaceOrientations_iPhone = "UIInterfaceOrientationPortrait UIInterfaceOrientationLandscapeLeft UIInterfaceOrientationLandscapeRight";
				LD_RUNPATH_SEARCH_PATHS = (
					"$(inherited)",
					"@executable_path/Frameworks",
				);
				MARKETING_VERSION = 1.0;
				PRODUCT_BUNDLE_IDENTIFIER = Dreamers.SUItutorial;
				PRODUCT_NAME = "$(TARGET_NAME)";
				SWIFT_EMIT_LOC_STRINGS = YES;
				SWIFT_VERSION = 5.0;
				TARGETED_DEVICE_FAMILY = "1,2";
			};
			name = Release;
		};
/* End XCBuildConfiguration section */

/* Begin XCConfigurationList section */
		94610E0127DDFFD500D3E1F3 /* Build configuration list for PBXProject "SUItutorial" */ = {
			isa = XCConfigurationList;
			buildConfigurations = (
				94610E1227DDFFDA00D3E1F3 /* Debug */,
				94610E1327DDFFDA00D3E1F3 /* Release */,
			);
			defaultConfigurationIsVisible = 0;
			defaultConfigurationName = Release;
		};
		94610E1427DDFFDA00D3E1F3 /* Build configuration list for PBXNativeTarget "SUItutorial" */ = {
			isa = XCConfigurationList;
			buildConfigurations = (
				94610E1527DDFFDA00D3E1F3 /* Debug */,
				94610E1627DDFFDA00D3E1F3 /* Release */,
			);
			defaultConfigurationIsVisible = 0;
			defaultConfigurationName = Release;
		};
/* End XCConfigurationList section */
	};
	rootObject = 94610DFE27DDFFD500D3E1F3 /* Project object */;
}
